
Microsoft Visual Studio Solution File, Format Version 12.00
# Visual Studio Version 17
VisualStudioVersion = 17.5.33414.496
MinimumVisualStudioVersion = 10.0.40219.1
Project("{9A19103F-16F7-4668-BE54-9A1E7A4F7556}") = "Isogeo.AddIn", "Addin\Isogeo.AddIn.csproj", "{3380BD95-8579-444B-9257-0384DD9710E4}"
EndProject
Project("{9A19103F-16F7-4668-BE54-9A1E7A4F7556}") = "Isogeo.Models", "Models\Isogeo.Models.csproj", "{76FFE0AF-6B1D-4B70-A672-62FFAEA7ADA7}"
EndProject
Project("{9A19103F-16F7-4668-BE54-9A1E7A4F7556}") = "Isogeo.Map", "Map\Isogeo.Map.csproj", "{E26962D6-7BCE-4193-958D-BBFE0AAD893C}"
EndProject
Project("{9A19103F-16F7-4668-BE54-9A1E7A4F7556}") = "Isogeo.Resources", "Resources\Isogeo.Resources.csproj", "{F96ADC1C-725B-442C-9764-0E736BCDE6FD}"
EndProject
Project("{9A19103F-16F7-4668-BE54-9A1E7A4F7556}") = "Isogeo.Language", "Language\Isogeo.Language.csproj", "{3B151493-C181-407B-B546-0D438BFF08BE}"
EndProject
Project("{9A19103F-16F7-4668-BE54-9A1E7A4F7556}") = "MVVMPattern", "MVVMPattern\MVVMPattern.csproj", "{23225387-FAB8-49AA-842E-D554A7D1F73F}"
EndProject
Project("{9A19103F-16F7-4668-BE54-9A1E7A4F7556}") = "Isogeo.Utils", "Utils\Isogeo.Utils.csproj", "{34B5AD85-8E32-4DA1-B2CB-4D4FDADCD0EF}"
EndProject
Project("{FAE04EC0-301F-11D3-BF4B-00C04F79EFBC}") = "Isogeo.Network", "Isogeo.Network\Isogeo.Network.csproj", "{8AB1F50B-3729-4C2E-9E0D-214802664BF4}"
EndProject
Global
	GlobalSection(SolutionConfigurationPlatforms) = preSolution
		Debug|Any CPU = Debug|Any CPU
		Debug|x64 = Debug|x64
		Release|Any CPU = Release|Any CPU
		Release|x64 = Release|x64
	EndGlobalSection
	GlobalSection(ProjectConfigurationPlatforms) = postSolution
		{3380BD95-8579-444B-9257-0384DD9710E4}.Debug|Any CPU.ActiveCfg = Debug|Any CPU
		{3380BD95-8579-444B-9257-0384DD9710E4}.Debug|Any CPU.Build.0 = Debug|Any CPU
		{3380BD95-8579-444B-9257-0384DD9710E4}.Debug|x64.ActiveCfg = Debug|Any CPU
		{3380BD95-8579-444B-9257-0384DD9710E4}.Debug|x64.Build.0 = Debug|Any CPU
		{3380BD95-8579-444B-9257-0384DD9710E4}.Release|Any CPU.ActiveCfg = Release|Any CPU
		{3380BD95-8579-444B-9257-0384DD9710E4}.Release|Any CPU.Build.0 = Release|Any CPU
		{3380BD95-8579-444B-9257-0384DD9710E4}.Release|x64.ActiveCfg = Release|Any CPU
		{3380BD95-8579-444B-9257-0384DD9710E4}.Release|x64.Build.0 = Release|Any CPU
		{76FFE0AF-6B1D-4B70-A672-62FFAEA7ADA7}.Debug|Any CPU.ActiveCfg = Debug|Any CPU
		{76FFE0AF-6B1D-4B70-A672-62FFAEA7ADA7}.Debug|Any CPU.Build.0 = Debug|Any CPU
		{76FFE0AF-6B1D-4B70-A672-62FFAEA7ADA7}.Debug|x64.ActiveCfg = Debug|Any CPU
		{76FFE0AF-6B1D-4B70-A672-62FFAEA7ADA7}.Debug|x64.Build.0 = Debug|Any CPU
		{76FFE0AF-6B1D-4B70-A672-62FFAEA7ADA7}.Release|Any CPU.ActiveCfg = Release|Any CPU
		{76FFE0AF-6B1D-4B70-A672-62FFAEA7ADA7}.Release|Any CPU.Build.0 = Release|Any CPU
		{76FFE0AF-6B1D-4B70-A672-62FFAEA7ADA7}.Release|x64.ActiveCfg = Release|Any CPU
		{76FFE0AF-6B1D-4B70-A672-62FFAEA7ADA7}.Release|x64.Build.0 = Release|Any CPU
		{E26962D6-7BCE-4193-958D-BBFE0AAD893C}.Debug|Any CPU.ActiveCfg = Debug|Any CPU
		{E26962D6-7BCE-4193-958D-BBFE0AAD893C}.Debug|Any CPU.Build.0 = Debug|Any CPU
		{E26962D6-7BCE-4193-958D-BBFE0AAD893C}.Debug|x64.ActiveCfg = Debug|Any CPU
		{E26962D6-7BCE-4193-958D-BBFE0AAD893C}.Debug|x64.Build.0 = Debug|Any CPU
		{E26962D6-7BCE-4193-958D-BBFE0AAD893C}.Release|Any CPU.ActiveCfg = Release|Any CPU
		{E26962D6-7BCE-4193-958D-BBFE0AAD893C}.Release|Any CPU.Build.0 = Release|Any CPU
		{E26962D6-7BCE-4193-958D-BBFE0AAD893C}.Release|x64.ActiveCfg = Release|Any CPU
		{E26962D6-7BCE-4193-958D-BBFE0AAD893C}.Release|x64.Build.0 = Release|Any CPU
		{F96ADC1C-725B-442C-9764-0E736BCDE6FD}.Debug|Any CPU.ActiveCfg = Debug|Any CPU
		{F96ADC1C-725B-442C-9764-0E736BCDE6FD}.Debug|Any CPU.Build.0 = Debug|Any CPU
		{F96ADC1C-725B-442C-9764-0E736BCDE6FD}.Debug|x64.ActiveCfg = Debug|Any CPU
		{F96ADC1C-725B-442C-9764-0E736BCDE6FD}.Debug|x64.Build.0 = Debug|Any CPU
		{F96ADC1C-725B-442C-9764-0E736BCDE6FD}.Release|Any CPU.ActiveCfg = Release|Any CPU
		{F96ADC1C-725B-442C-9764-0E736BCDE6FD}.Release|Any CPU.Build.0 = Release|Any CPU
		{F96ADC1C-725B-442C-9764-0E736BCDE6FD}.Release|x64.ActiveCfg = Release|Any CPU
		{F96ADC1C-725B-442C-9764-0E736BCDE6FD}.Release|x64.Build.0 = Release|Any CPU
		{3B151493-C181-407B-B546-0D438BFF08BE}.Debug|Any CPU.ActiveCfg = Debug|Any CPU
		{3B151493-C181-407B-B546-0D438BFF08BE}.Debug|Any CPU.Build.0 = Debug|Any CPU
		{3B151493-C181-407B-B546-0D438BFF08BE}.Debug|x64.ActiveCfg = Debug|Any CPU
		{3B151493-C181-407B-B546-0D438BFF08BE}.Debug|x64.Build.0 = Debug|Any CPU
		{3B151493-C181-407B-B546-0D438BFF08BE}.Release|Any CPU.ActiveCfg = Release|Any CPU
		{3B151493-C181-407B-B546-0D438BFF08BE}.Release|Any CPU.Build.0 = Release|Any CPU
		{3B151493-C181-407B-B546-0D438BFF08BE}.Release|x64.ActiveCfg = Release|Any CPU
		{3B151493-C181-407B-B546-0D438BFF08BE}.Release|x64.Build.0 = Release|Any CPU
		{23225387-FAB8-49AA-842E-D554A7D1F73F}.Debug|Any CPU.ActiveCfg = Debug|Any CPU
		{23225387-FAB8-49AA-842E-D554A7D1F73F}.Debug|Any CPU.Build.0 = Debug|Any CPU
		{23225387-FAB8-49AA-842E-D554A7D1F73F}.Debug|x64.ActiveCfg = Debug|Any CPU
		{23225387-FAB8-49AA-842E-D554A7D1F73F}.Debug|x64.Build.0 = Debug|Any CPU
		{23225387-FAB8-49AA-842E-D554A7D1F73F}.Release|Any CPU.ActiveCfg = Release|Any CPU
		{23225387-FAB8-49AA-842E-D554A7D1F73F}.Release|Any CPU.Build.0 = Release|Any CPU
		{23225387-FAB8-49AA-842E-D554A7D1F73F}.Release|x64.ActiveCfg = Release|Any CPU
		{23225387-FAB8-49AA-842E-D554A7D1F73F}.Release|x64.Build.0 = Release|Any CPU
		{34B5AD85-8E32-4DA1-B2CB-4D4FDADCD0EF}.Debug|Any CPU.ActiveCfg = Debug|Any CPU
		{34B5AD85-8E32-4DA1-B2CB-4D4FDADCD0EF}.Debug|Any CPU.Build.0 = Debug|Any CPU
		{34B5AD85-8E32-4DA1-B2CB-4D4FDADCD0EF}.Debug|x64.ActiveCfg = Debug|Any CPU
		{34B5AD85-8E32-4DA1-B2CB-4D4FDADCD0EF}.Debug|x64.Build.0 = Debug|Any CPU
		{34B5AD85-8E32-4DA1-B2CB-4D4FDADCD0EF}.Release|Any CPU.ActiveCfg = Release|Any CPU
		{34B5AD85-8E32-4DA1-B2CB-4D4FDADCD0EF}.Release|Any CPU.Build.0 = Release|Any CPU
		{34B5AD85-8E32-4DA1-B2CB-4D4FDADCD0EF}.Release|x64.ActiveCfg = Release|Any CPU
		{34B5AD85-8E32-4DA1-B2CB-4D4FDADCD0EF}.Release|x64.Build.0 = Release|Any CPU
		{8AB1F50B-3729-4C2E-9E0D-214802664BF4}.Debug|Any CPU.ActiveCfg = Debug|Any CPU
		{8AB1F50B-3729-4C2E-9E0D-214802664BF4}.Debug|Any CPU.Build.0 = Debug|Any CPU
		{8AB1F50B-3729-4C2E-9E0D-214802664BF4}.Debug|x64.ActiveCfg = Debug|Any CPU
		{8AB1F50B-3729-4C2E-9E0D-214802664BF4}.Debug|x64.Build.0 = Debug|Any CPU
		{8AB1F50B-3729-4C2E-9E0D-214802664BF4}.Release|Any CPU.ActiveCfg = Release|Any CPU
		{8AB1F50B-3729-4C2E-9E0D-214802664BF4}.Release|Any CPU.Build.0 = Release|Any CPU
		{8AB1F50B-3729-4C2E-9E0D-214802664BF4}.Release|x64.ActiveCfg = Release|Any CPU
		{8AB1F50B-3729-4C2E-9E0D-214802664BF4}.Release|x64.Build.0 = Release|Any CPU
	EndGlobalSection
	GlobalSection(SolutionProperties) = preSolution
		HideSolutionNode = FALSE
	EndGlobalSection
	GlobalSection(ExtensibilityGlobals) = postSolution
		SolutionGuid = {DCA8C975-0CC8-4AC5-A881-454D1828DAC7}
	EndGlobalSection
EndGlobal
