
Microsoft Visual Studio Solution File, Format Version 12.00
# Visual Studio Version 17
VisualStudioVersion = 17.5.33414.496
MinimumVisualStudioVersion = 10.0.40219.1
Project("{9A19103F-16F7-4668-BE54-9A1E7A4F7556}") = "Tests", "Tests\Tests.csproj", "{1E4DE92D-704E-4852-B6C5-079C8BA35B40}"
EndProject
Project("{FAE04EC0-301F-11D3-BF4B-00C04F79EFBC}") = "Isogeo.Language", "Language\Isogeo.Language.csproj", "{EDBE1371-7309-4E33-ABB5-A4BD9390364C}"
EndProject
Project("{FAE04EC0-301F-11D3-BF4B-00C04F79EFBC}") = "Isogeo.Utils", "Utils\Isogeo.Utils.csproj", "{CBA2A1A2-9374-4EB5-B812-74CCCD427D25}"
EndProject
Project("{FAE04EC0-301F-11D3-BF4B-00C04F79EFBC}") = "MVVMPattern", "MVVMPattern\MVVMPattern.csproj", "{56D3F8E9-8476-4413-819E-CCD79480AADB}"
EndProject
Project("{9A19103F-16F7-4668-BE54-9A1E7A4F7556}") = "Isogeo.Resources", "Resources\Isogeo.Resources.csproj", "{CE0EDC45-3843-49BA-B792-CAA39FEAE4AD}"
EndProject
Project("{9A19103F-16F7-4668-BE54-9A1E7A4F7556}") = "Isogeo.AddIn", "Addin\Isogeo.AddIn.csproj", "{3380BD95-8579-444B-9257-0384DD9710E4}"
EndProject
Project("{9A19103F-16F7-4668-BE54-9A1E7A4F7556}") = "Isogeo.Models", "Models\Isogeo.Models.csproj", "{76FFE0AF-6B1D-4B70-A672-62FFAEA7ADA7}"
EndProject
Project("{FAE04EC0-301F-11D3-BF4B-00C04F79EFBC}") = "Isogeo.Map", "Map\Isogeo.Map.csproj", "{E26962D6-7BCE-4193-958D-BBFE0AAD893C}"
EndProject
Global
	GlobalSection(SolutionConfigurationPlatforms) = preSolution
		Debug|Any CPU = Debug|Any CPU
		Debug|x64 = Debug|x64
		Release|Any CPU = Release|Any CPU
		Release|x64 = Release|x64
	EndGlobalSection
	GlobalSection(ProjectConfigurationPlatforms) = postSolution
		{1E4DE92D-704E-4852-B6C5-079C8BA35B40}.Debug|Any CPU.ActiveCfg = Debug|Any CPU
		{1E4DE92D-704E-4852-B6C5-079C8BA35B40}.Debug|Any CPU.Build.0 = Debug|Any CPU
		{1E4DE92D-704E-4852-B6C5-079C8BA35B40}.Debug|x64.ActiveCfg = Debug|x64
		{1E4DE92D-704E-4852-B6C5-079C8BA35B40}.Debug|x64.Build.0 = Debug|x64
		{1E4DE92D-704E-4852-B6C5-079C8BA35B40}.Release|Any CPU.ActiveCfg = Release|Any CPU
		{1E4DE92D-704E-4852-B6C5-079C8BA35B40}.Release|Any CPU.Build.0 = Release|Any CPU
		{1E4DE92D-704E-4852-B6C5-079C8BA35B40}.Release|x64.ActiveCfg = Release|x64
		{1E4DE92D-704E-4852-B6C5-079C8BA35B40}.Release|x64.Build.0 = Release|x64
		{EDBE1371-7309-4E33-ABB5-A4BD9390364C}.Debug|Any CPU.ActiveCfg = Debug|Any CPU
		{EDBE1371-7309-4E33-ABB5-A4BD9390364C}.Debug|Any CPU.Build.0 = Debug|Any CPU
		{EDBE1371-7309-4E33-ABB5-A4BD9390364C}.Debug|x64.ActiveCfg = Debug|x64
		{EDBE1371-7309-4E33-ABB5-A4BD9390364C}.Debug|x64.Build.0 = Debug|x64
		{EDBE1371-7309-4E33-ABB5-A4BD9390364C}.Release|Any CPU.ActiveCfg = Release|Any CPU
		{EDBE1371-7309-4E33-ABB5-A4BD9390364C}.Release|Any CPU.Build.0 = Release|Any CPU
		{EDBE1371-7309-4E33-ABB5-A4BD9390364C}.Release|x64.ActiveCfg = Release|x64
		{EDBE1371-7309-4E33-ABB5-A4BD9390364C}.Release|x64.Build.0 = Release|x64
		{CBA2A1A2-9374-4EB5-B812-74CCCD427D25}.Debug|Any CPU.ActiveCfg = Debug|Any CPU
		{CBA2A1A2-9374-4EB5-B812-74CCCD427D25}.Debug|Any CPU.Build.0 = Debug|Any CPU
		{CBA2A1A2-9374-4EB5-B812-74CCCD427D25}.Debug|x64.ActiveCfg = Debug|x64
		{CBA2A1A2-9374-4EB5-B812-74CCCD427D25}.Debug|x64.Build.0 = Debug|x64
		{CBA2A1A2-9374-4EB5-B812-74CCCD427D25}.Release|Any CPU.ActiveCfg = Release|Any CPU
		{CBA2A1A2-9374-4EB5-B812-74CCCD427D25}.Release|Any CPU.Build.0 = Release|Any CPU
		{CBA2A1A2-9374-4EB5-B812-74CCCD427D25}.Release|x64.ActiveCfg = Release|x64
		{CBA2A1A2-9374-4EB5-B812-74CCCD427D25}.Release|x64.Build.0 = Release|x64
		{56D3F8E9-8476-4413-819E-CCD79480AADB}.Debug|Any CPU.ActiveCfg = Debug|Any CPU
		{56D3F8E9-8476-4413-819E-CCD79480AADB}.Debug|Any CPU.Build.0 = Debug|Any CPU
		{56D3F8E9-8476-4413-819E-CCD79480AADB}.Debug|x64.ActiveCfg = Debug|x64
		{56D3F8E9-8476-4413-819E-CCD79480AADB}.Debug|x64.Build.0 = Debug|x64
		{56D3F8E9-8476-4413-819E-CCD79480AADB}.Release|Any CPU.ActiveCfg = Release|Any CPU
		{56D3F8E9-8476-4413-819E-CCD79480AADB}.Release|Any CPU.Build.0 = Release|Any CPU
		{56D3F8E9-8476-4413-819E-CCD79480AADB}.Release|x64.ActiveCfg = Release|x64
		{56D3F8E9-8476-4413-819E-CCD79480AADB}.Release|x64.Build.0 = Release|x64
		{CE0EDC45-3843-49BA-B792-CAA39FEAE4AD}.Debug|Any CPU.ActiveCfg = Debug|Any CPU
		{CE0EDC45-3843-49BA-B792-CAA39FEAE4AD}.Debug|Any CPU.Build.0 = Debug|Any CPU
		{CE0EDC45-3843-49BA-B792-CAA39FEAE4AD}.Debug|x64.ActiveCfg = Debug|Any CPU
		{CE0EDC45-3843-49BA-B792-CAA39FEAE4AD}.Debug|x64.Build.0 = Debug|Any CPU
		{CE0EDC45-3843-49BA-B792-CAA39FEAE4AD}.Release|Any CPU.ActiveCfg = Release|Any CPU
		{CE0EDC45-3843-49BA-B792-CAA39FEAE4AD}.Release|Any CPU.Build.0 = Release|Any CPU
		{CE0EDC45-3843-49BA-B792-CAA39FEAE4AD}.Release|x64.ActiveCfg = Release|Any CPU
		{CE0EDC45-3843-49BA-B792-CAA39FEAE4AD}.Release|x64.Build.0 = Release|Any CPU
		{3380BD95-8579-444B-9257-0384DD9710E4}.Debug|Any CPU.ActiveCfg = Debug|Any CPU
		{3380BD95-8579-444B-9257-0384DD9710E4}.Debug|Any CPU.Build.0 = Debug|Any CPU
		{3380BD95-8579-444B-9257-0384DD9710E4}.Debug|x64.ActiveCfg = Debug|Any CPU
		{3380BD95-8579-444B-9257-0384DD9710E4}.Debug|x64.Build.0 = Debug|Any CPU
		{3380BD95-8579-444B-9257-0384DD9710E4}.Release|Any CPU.ActiveCfg = Release|Any CPU
		{3380BD95-8579-444B-9257-0384DD9710E4}.Release|Any CPU.Build.0 = Release|Any CPU
		{3380BD95-8579-444B-9257-0384DD9710E4}.Release|x64.ActiveCfg = Release|Any CPU
		{3380BD95-8579-444B-9257-0384DD9710E4}.Release|x64.Build.0 = Release|Any CPU
		{76FFE0AF-6B1D-4B70-A672-62FFAEA7ADA7}.Debug|Any CPU.ActiveCfg = Debug|Any CPU
		{76FFE0AF-6B1D-4B70-A672-62FFAEA7ADA7}.Debug|Any CPU.Build.0 = Debug|Any CPU
		{76FFE0AF-6B1D-4B70-A672-62FFAEA7ADA7}.Debug|x64.ActiveCfg = Debug|Any CPU
		{76FFE0AF-6B1D-4B70-A672-62FFAEA7ADA7}.Debug|x64.Build.0 = Debug|Any CPU
		{76FFE0AF-6B1D-4B70-A672-62FFAEA7ADA7}.Release|Any CPU.ActiveCfg = Release|Any CPU
		{76FFE0AF-6B1D-4B70-A672-62FFAEA7ADA7}.Release|Any CPU.Build.0 = Release|Any CPU
		{76FFE0AF-6B1D-4B70-A672-62FFAEA7ADA7}.Release|x64.ActiveCfg = Release|Any CPU
		{76FFE0AF-6B1D-4B70-A672-62FFAEA7ADA7}.Release|x64.Build.0 = Release|Any CPU
		{E26962D6-7BCE-4193-958D-BBFE0AAD893C}.Debug|Any CPU.ActiveCfg = Debug|Any CPU
		{E26962D6-7BCE-4193-958D-BBFE0AAD893C}.Debug|Any CPU.Build.0 = Debug|Any CPU
		{E26962D6-7BCE-4193-958D-BBFE0AAD893C}.Debug|x64.ActiveCfg = Debug|Any CPU
		{E26962D6-7BCE-4193-958D-BBFE0AAD893C}.Debug|x64.Build.0 = Debug|Any CPU
		{E26962D6-7BCE-4193-958D-BBFE0AAD893C}.Release|Any CPU.ActiveCfg = Release|Any CPU
		{E26962D6-7BCE-4193-958D-BBFE0AAD893C}.Release|Any CPU.Build.0 = Release|Any CPU
		{E26962D6-7BCE-4193-958D-BBFE0AAD893C}.Release|x64.ActiveCfg = Release|Any CPU
		{E26962D6-7BCE-4193-958D-BBFE0AAD893C}.Release|x64.Build.0 = Release|Any CPU
	EndGlobalSection
	GlobalSection(SolutionProperties) = preSolution
		HideSolutionNode = FALSE
	EndGlobalSection
	GlobalSection(ExtensibilityGlobals) = postSolution
		SolutionGuid = {DCA8C975-0CC8-4AC5-A881-454D1828DAC7}
	EndGlobalSection
EndGlobal
