
Microsoft Visual Studio Solution File, Format Version 12.00
# Visual Studio Version 16
VisualStudioVersion = 16.0.29215.179
MinimumVisualStudioVersion = 10.0.40219.1
Project("{FAE04EC0-301F-11D3-BF4B-00C04F79EFBC}") = "Arcgis-Pro-Isogeo", "Arcgis-Pro-Isogeo\Arcgis-Pro-Isogeo.csproj", "{D3CD9CD7-2008-4A27-BE55-DA1AEB26239F}"
EndProject
Project("{FAE04EC0-301F-11D3-BF4B-00C04F79EFBC}") = "ArcGis-Pro-WPF-Library", "ArcGis-Pro-WPF-Library\ArcGis-Pro-WPF-Library.csproj", "{015C74FF-38B3-4FD5-A53F-FC0726CE270F}"
EndProject
Global
	GlobalSection(SolutionConfigurationPlatforms) = preSolution
		Debug|Any CPU = Debug|Any CPU
		Release|Any CPU = Release|Any CPU
	EndGlobalSection
	GlobalSection(ProjectConfigurationPlatforms) = postSolution
		{D3CD9CD7-2008-4A27-BE55-DA1AEB26239F}.Debug|Any CPU.ActiveCfg = Debug|Any CPU
		{D3CD9CD7-2008-4A27-BE55-DA1AEB26239F}.Debug|Any CPU.Build.0 = Debug|Any CPU
		{D3CD9CD7-2008-4A27-BE55-DA1AEB26239F}.Release|Any CPU.ActiveCfg = Release|Any CPU
		{D3CD9CD7-2008-4A27-BE55-DA1AEB26239F}.Release|Any CPU.Build.0 = Release|Any CPU
		{015C74FF-38B3-4FD5-A53F-FC0726CE270F}.Debug|Any CPU.ActiveCfg = Debug|Any CPU
		{015C74FF-38B3-4FD5-A53F-FC0726CE270F}.Debug|Any CPU.Build.0 = Debug|Any CPU
		{015C74FF-38B3-4FD5-A53F-FC0726CE270F}.Release|Any CPU.ActiveCfg = Release|Any CPU
		{015C74FF-38B3-4FD5-A53F-FC0726CE270F}.Release|Any CPU.Build.0 = Release|Any CPU
	EndGlobalSection
	GlobalSection(SolutionProperties) = preSolution
		HideSolutionNode = FALSE
	EndGlobalSection
	GlobalSection(ExtensibilityGlobals) = postSolution
		SolutionGuid = {DCA8C975-0CC8-4AC5-A881-454D1828DAC7}
	EndGlobalSection
EndGlobal
